
Microsoft Visual Studio Solution File, Format Version 12.00
# Visual Studio 15
VisualStudioVersion = 15.0.27130.2027
MinimumVisualStudioVersion = 10.0.40219.1
Project("{9A19103F-16F7-4668-BE54-9A1E7A4F7556}") = "DCOM.Presentation", "DCOM.Presentation\DCOM.Presentation.csproj", "{8601C9AA-3388-4737-BEB8-48734E3FC167}"
EndProject
Project("{9A19103F-16F7-4668-BE54-9A1E7A4F7556}") = "DCOM.Data", "DCOM.Data\DCOM.Data.csproj", "{277D8649-7905-42E2-9F0B-9609C9F4EE55}"
EndProject
Project("{9A19103F-16F7-4668-BE54-9A1E7A4F7556}") = "DCOM.Business", "DCOM.Business\DCOM.Business.csproj", "{C9FC1B66-17B6-4E63-8CC6-C83B58EEF48A}"
EndProject
Project("{00D1A9C2-B5F0-4AF3-8072-F6C62B433612}") = "Database", "Database\Database.sqlproj", "{66E50799-CADF-4308-B999-C2FB476EA1DE}"
EndProject
Global
	GlobalSection(SolutionConfigurationPlatforms) = preSolution
		Debug|Any CPU = Debug|Any CPU
		Release|Any CPU = Release|Any CPU
	EndGlobalSection
	GlobalSection(ProjectConfigurationPlatforms) = postSolution
		{8601C9AA-3388-4737-BEB8-48734E3FC167}.Debug|Any CPU.ActiveCfg = Debug|Any CPU
		{8601C9AA-3388-4737-BEB8-48734E3FC167}.Debug|Any CPU.Build.0 = Debug|Any CPU
		{8601C9AA-3388-4737-BEB8-48734E3FC167}.Release|Any CPU.ActiveCfg = Release|Any CPU
		{8601C9AA-3388-4737-BEB8-48734E3FC167}.Release|Any CPU.Build.0 = Release|Any CPU
		{277D8649-7905-42E2-9F0B-9609C9F4EE55}.Debug|Any CPU.ActiveCfg = Debug|Any CPU
		{277D8649-7905-42E2-9F0B-9609C9F4EE55}.Debug|Any CPU.Build.0 = Debug|Any CPU
		{277D8649-7905-42E2-9F0B-9609C9F4EE55}.Release|Any CPU.ActiveCfg = Release|Any CPU
		{277D8649-7905-42E2-9F0B-9609C9F4EE55}.Release|Any CPU.Build.0 = Release|Any CPU
		{C9FC1B66-17B6-4E63-8CC6-C83B58EEF48A}.Debug|Any CPU.ActiveCfg = Debug|Any CPU
		{C9FC1B66-17B6-4E63-8CC6-C83B58EEF48A}.Debug|Any CPU.Build.0 = Debug|Any CPU
		{C9FC1B66-17B6-4E63-8CC6-C83B58EEF48A}.Release|Any CPU.ActiveCfg = Release|Any CPU
		{C9FC1B66-17B6-4E63-8CC6-C83B58EEF48A}.Release|Any CPU.Build.0 = Release|Any CPU
		{66E50799-CADF-4308-B999-C2FB476EA1DE}.Debug|Any CPU.ActiveCfg = Debug|Any CPU
		{66E50799-CADF-4308-B999-C2FB476EA1DE}.Debug|Any CPU.Build.0 = Debug|Any CPU
		{66E50799-CADF-4308-B999-C2FB476EA1DE}.Debug|Any CPU.Deploy.0 = Debug|Any CPU
		{66E50799-CADF-4308-B999-C2FB476EA1DE}.Release|Any CPU.ActiveCfg = Release|Any CPU
		{66E50799-CADF-4308-B999-C2FB476EA1DE}.Release|Any CPU.Build.0 = Release|Any CPU
		{66E50799-CADF-4308-B999-C2FB476EA1DE}.Release|Any CPU.Deploy.0 = Release|Any CPU
	EndGlobalSection
	GlobalSection(SolutionProperties) = preSolution
		HideSolutionNode = FALSE
	EndGlobalSection
	GlobalSection(ExtensibilityGlobals) = postSolution
		SolutionGuid = {741070AA-A1ED-4F22-A248-6B44B226A0F5}
	EndGlobalSection
EndGlobal
